
Microsoft Visual Studio Solution File, Format Version 12.00
# Visual Studio Version 17
VisualStudioVersion = 17.10.35013.160
MinimumVisualStudioVersion = 10.0.40219.1
Project("{2150E333-8FDC-42A3-9474-1A3956D46DE8}") = "Core", "Core", "{1FE1F47C-C29A-4A7B-89A6-25A459136A3F}"
EndProject
Project("{2150E333-8FDC-42A3-9474-1A3956D46DE8}") = "Infrastructure", "Infrastructure", "{D09DB7B9-EB0C-47CB-93DF-1A4E7C4FC85F}"
EndProject
Project("{2150E333-8FDC-42A3-9474-1A3956D46DE8}") = "Presentation", "Presentation", "{2E8C9A4D-8E97-41AE-A003-BEACF015186F}"
EndProject
Project("{9A19103F-16F7-4668-BE54-9A1E7A4F7556}") = "HepsiApi.Application", "Core\HepsiApi.Application\HepsiApi.Application.csproj", "{5FDE28B6-7DDF-4727-AEF0-A536DEC517B9}"
EndProject
Project("{9A19103F-16F7-4668-BE54-9A1E7A4F7556}") = "HepsiApi.Domain", "Core\HepsiApi.Domain\HepsiApi.Domain.csproj", "{723FAA63-72BD-4AD0-8A2A-025A4B02F791}"
EndProject
Project("{9A19103F-16F7-4668-BE54-9A1E7A4F7556}") = "HepsiApi.Infrastructure", "Infrastructure\HepsiApi.Infrastructure\HepsiApi.Infrastructure.csproj", "{3721F3FF-8748-41EA-AD02-3ABD3547783A}"
EndProject
Project("{9A19103F-16F7-4668-BE54-9A1E7A4F7556}") = "HepsiApi.Persistence", "Infrastructure\HepsiApi.Persistence\HepsiApi.Persistence.csproj", "{0C7AAF5E-B2A5-4390-904F-6D0DCBD0F4BB}"
EndProject
Project("{9A19103F-16F7-4668-BE54-9A1E7A4F7556}") = "HepsiApi.API", "Presentation\HepsiApi.API\HepsiApi.API.csproj", "{34D5D163-1EC8-4202-A8A8-D416CACAFFAD}"
EndProject
Project("{FAE04EC0-301F-11D3-BF4B-00C04F79EFBC}") = "HepsiApi.Mapper", "HepsiApi.Mapper\HepsiApi.Mapper.csproj", "{D9F07516-40E1-47AF-96C2-B023D43F288F}"
EndProject
Global
	GlobalSection(SolutionConfigurationPlatforms) = preSolution
		Debug|Any CPU = Debug|Any CPU
		Release|Any CPU = Release|Any CPU
	EndGlobalSection
	GlobalSection(ProjectConfigurationPlatforms) = postSolution
		{5FDE28B6-7DDF-4727-AEF0-A536DEC517B9}.Debug|Any CPU.ActiveCfg = Debug|Any CPU
		{5FDE28B6-7DDF-4727-AEF0-A536DEC517B9}.Debug|Any CPU.Build.0 = Debug|Any CPU
		{5FDE28B6-7DDF-4727-AEF0-A536DEC517B9}.Release|Any CPU.ActiveCfg = Release|Any CPU
		{5FDE28B6-7DDF-4727-AEF0-A536DEC517B9}.Release|Any CPU.Build.0 = Release|Any CPU
		{723FAA63-72BD-4AD0-8A2A-025A4B02F791}.Debug|Any CPU.ActiveCfg = Debug|Any CPU
		{723FAA63-72BD-4AD0-8A2A-025A4B02F791}.Debug|Any CPU.Build.0 = Debug|Any CPU
		{723FAA63-72BD-4AD0-8A2A-025A4B02F791}.Release|Any CPU.ActiveCfg = Release|Any CPU
		{723FAA63-72BD-4AD0-8A2A-025A4B02F791}.Release|Any CPU.Build.0 = Release|Any CPU
		{3721F3FF-8748-41EA-AD02-3ABD3547783A}.Debug|Any CPU.ActiveCfg = Debug|Any CPU
		{3721F3FF-8748-41EA-AD02-3ABD3547783A}.Debug|Any CPU.Build.0 = Debug|Any CPU
		{3721F3FF-8748-41EA-AD02-3ABD3547783A}.Release|Any CPU.ActiveCfg = Release|Any CPU
		{3721F3FF-8748-41EA-AD02-3ABD3547783A}.Release|Any CPU.Build.0 = Release|Any CPU
		{0C7AAF5E-B2A5-4390-904F-6D0DCBD0F4BB}.Debug|Any CPU.ActiveCfg = Debug|Any CPU
		{0C7AAF5E-B2A5-4390-904F-6D0DCBD0F4BB}.Debug|Any CPU.Build.0 = Debug|Any CPU
		{0C7AAF5E-B2A5-4390-904F-6D0DCBD0F4BB}.Release|Any CPU.ActiveCfg = Release|Any CPU
		{0C7AAF5E-B2A5-4390-904F-6D0DCBD0F4BB}.Release|Any CPU.Build.0 = Release|Any CPU
		{34D5D163-1EC8-4202-A8A8-D416CACAFFAD}.Debug|Any CPU.ActiveCfg = Debug|Any CPU
		{34D5D163-1EC8-4202-A8A8-D416CACAFFAD}.Debug|Any CPU.Build.0 = Debug|Any CPU
		{34D5D163-1EC8-4202-A8A8-D416CACAFFAD}.Release|Any CPU.ActiveCfg = Release|Any CPU
		{34D5D163-1EC8-4202-A8A8-D416CACAFFAD}.Release|Any CPU.Build.0 = Release|Any CPU
		{D9F07516-40E1-47AF-96C2-B023D43F288F}.Debug|Any CPU.ActiveCfg = Debug|Any CPU
		{D9F07516-40E1-47AF-96C2-B023D43F288F}.Debug|Any CPU.Build.0 = Debug|Any CPU
		{D9F07516-40E1-47AF-96C2-B023D43F288F}.Release|Any CPU.ActiveCfg = Release|Any CPU
		{D9F07516-40E1-47AF-96C2-B023D43F288F}.Release|Any CPU.Build.0 = Release|Any CPU
	EndGlobalSection
	GlobalSection(SolutionProperties) = preSolution
		HideSolutionNode = FALSE
	EndGlobalSection
	GlobalSection(NestedProjects) = preSolution
		{5FDE28B6-7DDF-4727-AEF0-A536DEC517B9} = {1FE1F47C-C29A-4A7B-89A6-25A459136A3F}
		{723FAA63-72BD-4AD0-8A2A-025A4B02F791} = {1FE1F47C-C29A-4A7B-89A6-25A459136A3F}
		{3721F3FF-8748-41EA-AD02-3ABD3547783A} = {D09DB7B9-EB0C-47CB-93DF-1A4E7C4FC85F}
		{0C7AAF5E-B2A5-4390-904F-6D0DCBD0F4BB} = {D09DB7B9-EB0C-47CB-93DF-1A4E7C4FC85F}
		{34D5D163-1EC8-4202-A8A8-D416CACAFFAD} = {2E8C9A4D-8E97-41AE-A003-BEACF015186F}
		{D9F07516-40E1-47AF-96C2-B023D43F288F} = {1FE1F47C-C29A-4A7B-89A6-25A459136A3F}
	EndGlobalSection
	GlobalSection(ExtensibilityGlobals) = postSolution
		SolutionGuid = {574ED1C4-948E-4152-862D-C8EE613BB282}
	EndGlobalSection
EndGlobal
